{
  "version": 1,
  "dependencies": {
    "net9.0": {
      "ConfigureAwait.Fody": {
        "type": "Direct",
        "requested": "[3.3.2, )",
        "resolved": "3.3.2",
        "contentHash": "vzGcpFU7uY4SbdB1Q68sFqv52HU5V1l39bF1rw6BIb7Os/DRLZa5ObV1yf/CNuTXj8IZjqJQ7PnTzSUiI/W49A==",
        "dependencies": {
          "Fody": "6.6.4"
        }
      },
      "Fody": {
        "type": "Direct",
        "requested": "[6.8.0, )",
        "resolved": "6.8.0",
        "contentHash": "hfZ/f8Mezt8aTkgv9nsvFdYoQ809/AqwsJlOGOPYIfBcG2aAIG3v3ex9d8ZqQuFYyMoucjRg4eKy3VleeGodKQ=="
      },
      "SourceLink.Create.CommandLine": {
        "type": "Direct",
        "requested": "[2.8.3, )",
        "resolved": "2.8.3",
        "contentHash": "IG9yWuEwkGDC94Be8U7XC/YwzGPGUhH7cF2/AzN3DeyJwo9Epp0kiwT8UGNg1lNkH1mXyjOTS7oN0DZSqMmoBQ=="
      }
    }
  }
}